
Microsoft Visual Studio Solution File, Format Version 12.00
# Visual Studio Version 17
VisualStudioVersion = 17.7.34221.43
MinimumVisualStudioVersion = 10.0.40219.1
Project("{FAE04EC0-301F-11D3-BF4B-00C04F79EFBC}") = "VehicleDatabaseAPI", "VehicleDatabaseAPI\VehicleDatabaseAPI.csproj", "{C97207BC-AD81-485A-A78B-5ACE2BA8A525}"
EndProject
Global
	GlobalSection(SolutionConfigurationPlatforms) = preSolution
		Debug|Any CPU = Debug|Any CPU
		Release|Any CPU = Release|Any CPU
	EndGlobalSection
	GlobalSection(ProjectConfigurationPlatforms) = postSolution
		{C97207BC-AD81-485A-A78B-5ACE2BA8A525}.Debug|Any CPU.ActiveCfg = Debug|Any CPU
		{C97207BC-AD81-485A-A78B-5ACE2BA8A525}.Debug|Any CPU.Build.0 = Debug|Any CPU
		{C97207BC-AD81-485A-A78B-5ACE2BA8A525}.Release|Any CPU.ActiveCfg = Release|Any CPU
		{C97207BC-AD81-485A-A78B-5ACE2BA8A525}.Release|Any CPU.Build.0 = Release|Any CPU
	EndGlobalSection
	GlobalSection(SolutionProperties) = preSolution
		HideSolutionNode = FALSE
	EndGlobalSection
	GlobalSection(ExtensibilityGlobals) = postSolution
		SolutionGuid = {8EDBEE24-C4DE-429C-8343-CD96B01350CF}
	EndGlobalSection
EndGlobal
